
Microsoft Visual Studio Solution File, Format Version 12.00
# Visual Studio 15
Project("{FAE04EC0-301F-11D3-BF4B-00C04F79EFBC}") = "Websocket_Client_Server.Android", "Websocket_Client_Server.Android\Websocket_Client_Server.Android.csproj", "{9431D9AA-5BC3-4AC1-8DFE-B8EC3EA2EA47}"
EndProject
Project("{FAE04EC0-301F-11D3-BF4B-00C04F79EFBC}") = "Websocket_Client_Server.iOS", "Websocket_Client_Server.iOS\Websocket_Client_Server.iOS.csproj", "{470885D9-26F1-457D-802B-675DF7D10EAF}"
EndProject
Project("{D954291E-2A0B-460D-934E-DC6B0785DB48}") = "Websocket_Client_Server", "Websocket_Client_Server\Websocket_Client_Server.shproj", "{E0A37232-F2D4-4AAC-8412-587D58263BC7}"
EndProject
Global
	GlobalSection(SolutionConfigurationPlatforms) = preSolution
		Debug|Any CPU = Debug|Any CPU
		Release|Any CPU = Release|Any CPU
		Debug|iPhoneSimulator = Debug|iPhoneSimulator
		Release|iPhoneSimulator = Release|iPhoneSimulator
		Debug|iPhone = Debug|iPhone
		Release|iPhone = Release|iPhone
		Ad-Hoc|iPhone = Ad-Hoc|iPhone
		AppStore|iPhone = AppStore|iPhone
	EndGlobalSection
	GlobalSection(ProjectConfigurationPlatforms) = postSolution
		{9431D9AA-5BC3-4AC1-8DFE-B8EC3EA2EA47}.Debug|Any CPU.ActiveCfg = Debug|Any CPU
		{9431D9AA-5BC3-4AC1-8DFE-B8EC3EA2EA47}.Debug|Any CPU.Build.0 = Debug|Any CPU
		{9431D9AA-5BC3-4AC1-8DFE-B8EC3EA2EA47}.Release|Any CPU.ActiveCfg = Release|Any CPU
		{9431D9AA-5BC3-4AC1-8DFE-B8EC3EA2EA47}.Release|Any CPU.Build.0 = Release|Any CPU
		{9431D9AA-5BC3-4AC1-8DFE-B8EC3EA2EA47}.Debug|iPhoneSimulator.ActiveCfg = Debug|Any CPU
		{9431D9AA-5BC3-4AC1-8DFE-B8EC3EA2EA47}.Debug|iPhoneSimulator.Build.0 = Debug|Any CPU
		{9431D9AA-5BC3-4AC1-8DFE-B8EC3EA2EA47}.Release|iPhoneSimulator.ActiveCfg = Release|Any CPU
		{9431D9AA-5BC3-4AC1-8DFE-B8EC3EA2EA47}.Release|iPhoneSimulator.Build.0 = Release|Any CPU
		{9431D9AA-5BC3-4AC1-8DFE-B8EC3EA2EA47}.Debug|iPhone.ActiveCfg = Debug|Any CPU
		{9431D9AA-5BC3-4AC1-8DFE-B8EC3EA2EA47}.Debug|iPhone.Build.0 = Debug|Any CPU
		{9431D9AA-5BC3-4AC1-8DFE-B8EC3EA2EA47}.Release|iPhone.ActiveCfg = Release|Any CPU
		{9431D9AA-5BC3-4AC1-8DFE-B8EC3EA2EA47}.Release|iPhone.Build.0 = Release|Any CPU
		{9431D9AA-5BC3-4AC1-8DFE-B8EC3EA2EA47}.Ad-Hoc|iPhone.ActiveCfg = Debug|Any CPU
		{9431D9AA-5BC3-4AC1-8DFE-B8EC3EA2EA47}.Ad-Hoc|iPhone.Build.0 = Debug|Any CPU
		{9431D9AA-5BC3-4AC1-8DFE-B8EC3EA2EA47}.AppStore|iPhone.ActiveCfg = Debug|Any CPU
		{9431D9AA-5BC3-4AC1-8DFE-B8EC3EA2EA47}.AppStore|iPhone.Build.0 = Debug|Any CPU
		{470885D9-26F1-457D-802B-675DF7D10EAF}.Debug|Any CPU.ActiveCfg = Debug|iPhoneSimulator
		{470885D9-26F1-457D-802B-675DF7D10EAF}.Debug|Any CPU.Build.0 = Debug|iPhoneSimulator
		{470885D9-26F1-457D-802B-675DF7D10EAF}.Release|Any CPU.ActiveCfg = Release|iPhoneSimulator
		{470885D9-26F1-457D-802B-675DF7D10EAF}.Release|Any CPU.Build.0 = Release|iPhoneSimulator
		{470885D9-26F1-457D-802B-675DF7D10EAF}.Debug|iPhoneSimulator.ActiveCfg = Debug|iPhoneSimulator
		{470885D9-26F1-457D-802B-675DF7D10EAF}.Debug|iPhoneSimulator.Build.0 = Debug|iPhoneSimulator
		{470885D9-26F1-457D-802B-675DF7D10EAF}.Release|iPhoneSimulator.ActiveCfg = Release|iPhoneSimulator
		{470885D9-26F1-457D-802B-675DF7D10EAF}.Release|iPhoneSimulator.Build.0 = Release|iPhoneSimulator
		{470885D9-26F1-457D-802B-675DF7D10EAF}.Debug|iPhone.ActiveCfg = Debug|iPhone
		{470885D9-26F1-457D-802B-675DF7D10EAF}.Debug|iPhone.Build.0 = Debug|iPhone
		{470885D9-26F1-457D-802B-675DF7D10EAF}.Release|iPhone.ActiveCfg = Release|iPhone
		{470885D9-26F1-457D-802B-675DF7D10EAF}.Release|iPhone.Build.0 = Release|iPhone
		{470885D9-26F1-457D-802B-675DF7D10EAF}.Ad-Hoc|iPhone.ActiveCfg = Ad-Hoc|iPhone
		{470885D9-26F1-457D-802B-675DF7D10EAF}.Ad-Hoc|iPhone.Build.0 = Ad-Hoc|iPhone
		{470885D9-26F1-457D-802B-675DF7D10EAF}.AppStore|iPhone.ActiveCfg = AppStore|iPhone
		{470885D9-26F1-457D-802B-675DF7D10EAF}.AppStore|iPhone.Build.0 = AppStore|iPhone
	EndGlobalSection
EndGlobal
